
Microsoft Visual Studio Solution File, Format Version 12.00
# Visual Studio 2012
Project("{8BC9CEB8-8B4A-11D0-8D11-00A0C91BC942}") = "KabeTube", "KabeTube\KabeTube.vcxproj", "{A939AE3D-90C7-4078-B79C-4C821DA2220B}"
EndProject
Global
	GlobalSection(SolutionConfigurationPlatforms) = preSolution
		Debug|Win32 = Debug|Win32
		Release|Win32 = Release|Win32
	EndGlobalSection
	GlobalSection(ProjectConfigurationPlatforms) = postSolution
		{A939AE3D-90C7-4078-B79C-4C821DA2220B}.Debug|Win32.ActiveCfg = Debug|Win32
		{A939AE3D-90C7-4078-B79C-4C821DA2220B}.Debug|Win32.Build.0 = Debug|Win32
		{A939AE3D-90C7-4078-B79C-4C821DA2220B}.Release|Win32.ActiveCfg = Release|Win32
		{A939AE3D-90C7-4078-B79C-4C821DA2220B}.Release|Win32.Build.0 = Release|Win32
	EndGlobalSection
	GlobalSection(SolutionProperties) = preSolution
		HideSolutionNode = FALSE
	EndGlobalSection
EndGlobal
